
Microsoft Visual Studio Solution File, Format Version 12.00
# Visual Studio Version 17
VisualStudioVersion = 17.14.36518.9
MinimumVisualStudioVersion = 10.0.40219.1
Project("{FAE04EC0-301F-11D3-BF4B-00C04F79EFBC}") = "presentacionWebForm", "presentacionWebForm\presentacionWebForm.csproj", "{8A2E6DAB-F111-44BF-A526-854F86DF3913}"
EndProject
Project("{FAE04EC0-301F-11D3-BF4B-00C04F79EFBC}") = "dominio", "dominio\dominio.csproj", "{7A5B09DC-406B-42FC-B2AB-CC2FEF9539C6}"
EndProject
Project("{FAE04EC0-301F-11D3-BF4B-00C04F79EFBC}") = "negocio", "negocio\negocio.csproj", "{37BD8737-4CE9-48D6-9A34-0EFEB610B5FE}"
EndProject
Global
	GlobalSection(SolutionConfigurationPlatforms) = preSolution
		Debug|Any CPU = Debug|Any CPU
		Release|Any CPU = Release|Any CPU
	EndGlobalSection
	GlobalSection(ProjectConfigurationPlatforms) = postSolution
		{8A2E6DAB-F111-44BF-A526-854F86DF3913}.Debug|Any CPU.ActiveCfg = Debug|Any CPU
		{8A2E6DAB-F111-44BF-A526-854F86DF3913}.Debug|Any CPU.Build.0 = Debug|Any CPU
		{8A2E6DAB-F111-44BF-A526-854F86DF3913}.Release|Any CPU.ActiveCfg = Release|Any CPU
		{8A2E6DAB-F111-44BF-A526-854F86DF3913}.Release|Any CPU.Build.0 = Release|Any CPU
		{7A5B09DC-406B-42FC-B2AB-CC2FEF9539C6}.Debug|Any CPU.ActiveCfg = Debug|Any CPU
		{7A5B09DC-406B-42FC-B2AB-CC2FEF9539C6}.Debug|Any CPU.Build.0 = Debug|Any CPU
		{7A5B09DC-406B-42FC-B2AB-CC2FEF9539C6}.Release|Any CPU.ActiveCfg = Release|Any CPU
		{7A5B09DC-406B-42FC-B2AB-CC2FEF9539C6}.Release|Any CPU.Build.0 = Release|Any CPU
		{37BD8737-4CE9-48D6-9A34-0EFEB610B5FE}.Debug|Any CPU.ActiveCfg = Debug|Any CPU
		{37BD8737-4CE9-48D6-9A34-0EFEB610B5FE}.Debug|Any CPU.Build.0 = Debug|Any CPU
		{37BD8737-4CE9-48D6-9A34-0EFEB610B5FE}.Release|Any CPU.ActiveCfg = Release|Any CPU
		{37BD8737-4CE9-48D6-9A34-0EFEB610B5FE}.Release|Any CPU.Build.0 = Release|Any CPU
	EndGlobalSection
	GlobalSection(SolutionProperties) = preSolution
		HideSolutionNode = FALSE
	EndGlobalSection
	GlobalSection(ExtensibilityGlobals) = postSolution
		SolutionGuid = {161BB247-7D2F-4A67-B504-674A2F01F198}
	EndGlobalSection
EndGlobal
